
Microsoft Visual Studio Solution File, Format Version 12.00
# Visual Studio Version 17
VisualStudioVersion = 17.13.35913.81
MinimumVisualStudioVersion = 10.0.40219.1
Project("{FAE04EC0-301F-11D3-BF4B-00C04F79EFBC}") = "PerHue.Infrastructure", "PerHue.Infrastructure\PerHue.Infrastructure.csproj", "{E67BA73D-451E-41AB-A4F9-AFA16069123A}"
EndProject
Project("{FAE04EC0-301F-11D3-BF4B-00C04F79EFBC}") = "PerHue.Application", "PerHue.Application\PerHue.Application.csproj", "{DC4D329F-C2B8-4471-BF9E-737B97095CAA}"
EndProject
Project("{FAE04EC0-301F-11D3-BF4B-00C04F79EFBC}") = "PerHue.Domain", "PerHue.Domain\PerHue.Domain.csproj", "{65E55E28-1465-4EA5-8442-57003094DECC}"
EndProject
Project("{FAE04EC0-301F-11D3-BF4B-00C04F79EFBC}") = "PerHue.Api", "PerHue.Api\PerHue.Api.csproj", "{DA460FD6-8243-4BB1-848F-3DEAD2DDB428}"
EndProject
Project("{2150E333-8FDC-42A3-9474-1A3956D46DE8}") = "Solution Items", "Solution Items", "{8EC462FD-D22E-90A8-E5CE-7E832BA40C5D}"
	ProjectSection(SolutionItems) = preProject
		.gitignore = .gitignore
	EndProjectSection
EndProject
Project("{FAE04EC0-301F-11D3-BF4B-00C04F79EFBC}") = "PerHue.Tests", "PerHue.Tests\PerHue.Tests.csproj", "{B0DFF77A-DE26-4B98-8B95-58073B0E968D}"
EndProject
Global
	GlobalSection(SolutionConfigurationPlatforms) = preSolution
		Debug|Any CPU = Debug|Any CPU
		Debug|x64 = Debug|x64
		Debug|x86 = Debug|x86
		Release|Any CPU = Release|Any CPU
		Release|x64 = Release|x64
		Release|x86 = Release|x86
	EndGlobalSection
	GlobalSection(ProjectConfigurationPlatforms) = postSolution
		{E67BA73D-451E-41AB-A4F9-AFA16069123A}.Debug|Any CPU.ActiveCfg = Debug|Any CPU
		{E67BA73D-451E-41AB-A4F9-AFA16069123A}.Debug|Any CPU.Build.0 = Debug|Any CPU
		{E67BA73D-451E-41AB-A4F9-AFA16069123A}.Debug|x64.ActiveCfg = Debug|Any CPU
		{E67BA73D-451E-41AB-A4F9-AFA16069123A}.Debug|x64.Build.0 = Debug|Any CPU
		{E67BA73D-451E-41AB-A4F9-AFA16069123A}.Debug|x86.ActiveCfg = Debug|Any CPU
		{E67BA73D-451E-41AB-A4F9-AFA16069123A}.Debug|x86.Build.0 = Debug|Any CPU
		{E67BA73D-451E-41AB-A4F9-AFA16069123A}.Release|Any CPU.ActiveCfg = Release|Any CPU
		{E67BA73D-451E-41AB-A4F9-AFA16069123A}.Release|Any CPU.Build.0 = Release|Any CPU
		{E67BA73D-451E-41AB-A4F9-AFA16069123A}.Release|x64.ActiveCfg = Release|Any CPU
		{E67BA73D-451E-41AB-A4F9-AFA16069123A}.Release|x64.Build.0 = Release|Any CPU
		{E67BA73D-451E-41AB-A4F9-AFA16069123A}.Release|x86.ActiveCfg = Release|Any CPU
		{E67BA73D-451E-41AB-A4F9-AFA16069123A}.Release|x86.Build.0 = Release|Any CPU
		{DC4D329F-C2B8-4471-BF9E-737B97095CAA}.Debug|Any CPU.ActiveCfg = Debug|Any CPU
		{DC4D329F-C2B8-4471-BF9E-737B97095CAA}.Debug|Any CPU.Build.0 = Debug|Any CPU
		{DC4D329F-C2B8-4471-BF9E-737B97095CAA}.Debug|x64.ActiveCfg = Debug|Any CPU
		{DC4D329F-C2B8-4471-BF9E-737B97095CAA}.Debug|x64.Build.0 = Debug|Any CPU
		{DC4D329F-C2B8-4471-BF9E-737B97095CAA}.Debug|x86.ActiveCfg = Debug|Any CPU
		{DC4D329F-C2B8-4471-BF9E-737B97095CAA}.Debug|x86.Build.0 = Debug|Any CPU
		{DC4D329F-C2B8-4471-BF9E-737B97095CAA}.Release|Any CPU.ActiveCfg = Release|Any CPU
		{DC4D329F-C2B8-4471-BF9E-737B97095CAA}.Release|Any CPU.Build.0 = Release|Any CPU
		{DC4D329F-C2B8-4471-BF9E-737B97095CAA}.Release|x64.ActiveCfg = Release|Any CPU
		{DC4D329F-C2B8-4471-BF9E-737B97095CAA}.Release|x64.Build.0 = Release|Any CPU
		{DC4D329F-C2B8-4471-BF9E-737B97095CAA}.Release|x86.ActiveCfg = Release|Any CPU
		{DC4D329F-C2B8-4471-BF9E-737B97095CAA}.Release|x86.Build.0 = Release|Any CPU
		{65E55E28-1465-4EA5-8442-57003094DECC}.Debug|Any CPU.ActiveCfg = Debug|Any CPU
		{65E55E28-1465-4EA5-8442-57003094DECC}.Debug|Any CPU.Build.0 = Debug|Any CPU
		{65E55E28-1465-4EA5-8442-57003094DECC}.Debug|x64.ActiveCfg = Debug|Any CPU
		{65E55E28-1465-4EA5-8442-57003094DECC}.Debug|x64.Build.0 = Debug|Any CPU
		{65E55E28-1465-4EA5-8442-57003094DECC}.Debug|x86.ActiveCfg = Debug|Any CPU
		{65E55E28-1465-4EA5-8442-57003094DECC}.Debug|x86.Build.0 = Debug|Any CPU
		{65E55E28-1465-4EA5-8442-57003094DECC}.Release|Any CPU.ActiveCfg = Release|Any CPU
		{65E55E28-1465-4EA5-8442-57003094DECC}.Release|Any CPU.Build.0 = Release|Any CPU
		{65E55E28-1465-4EA5-8442-57003094DECC}.Release|x64.ActiveCfg = Release|Any CPU
		{65E55E28-1465-4EA5-8442-57003094DECC}.Release|x64.Build.0 = Release|Any CPU
		{65E55E28-1465-4EA5-8442-57003094DECC}.Release|x86.ActiveCfg = Release|Any CPU
		{65E55E28-1465-4EA5-8442-57003094DECC}.Release|x86.Build.0 = Release|Any CPU
		{DA460FD6-8243-4BB1-848F-3DEAD2DDB428}.Debug|Any CPU.ActiveCfg = Debug|Any CPU
		{DA460FD6-8243-4BB1-848F-3DEAD2DDB428}.Debug|Any CPU.Build.0 = Debug|Any CPU
		{DA460FD6-8243-4BB1-848F-3DEAD2DDB428}.Debug|x64.ActiveCfg = Debug|Any CPU
		{DA460FD6-8243-4BB1-848F-3DEAD2DDB428}.Debug|x64.Build.0 = Debug|Any CPU
		{DA460FD6-8243-4BB1-848F-3DEAD2DDB428}.Debug|x86.ActiveCfg = Debug|Any CPU
		{DA460FD6-8243-4BB1-848F-3DEAD2DDB428}.Debug|x86.Build.0 = Debug|Any CPU
		{DA460FD6-8243-4BB1-848F-3DEAD2DDB428}.Release|Any CPU.ActiveCfg = Release|Any CPU
		{DA460FD6-8243-4BB1-848F-3DEAD2DDB428}.Release|Any CPU.Build.0 = Release|Any CPU
		{DA460FD6-8243-4BB1-848F-3DEAD2DDB428}.Release|x64.ActiveCfg = Release|Any CPU
		{DA460FD6-8243-4BB1-848F-3DEAD2DDB428}.Release|x64.Build.0 = Release|Any CPU
		{DA460FD6-8243-4BB1-848F-3DEAD2DDB428}.Release|x86.ActiveCfg = Release|Any CPU
		{DA460FD6-8243-4BB1-848F-3DEAD2DDB428}.Release|x86.Build.0 = Release|Any CPU
		{B0DFF77A-DE26-4B98-8B95-58073B0E968D}.Debug|Any CPU.ActiveCfg = Debug|Any CPU
		{B0DFF77A-DE26-4B98-8B95-58073B0E968D}.Debug|Any CPU.Build.0 = Debug|Any CPU
		{B0DFF77A-DE26-4B98-8B95-58073B0E968D}.Debug|x64.ActiveCfg = Debug|Any CPU
		{B0DFF77A-DE26-4B98-8B95-58073B0E968D}.Debug|x64.Build.0 = Debug|Any CPU
		{B0DFF77A-DE26-4B98-8B95-58073B0E968D}.Debug|x86.ActiveCfg = Debug|Any CPU
		{B0DFF77A-DE26-4B98-8B95-58073B0E968D}.Debug|x86.Build.0 = Debug|Any CPU
		{B0DFF77A-DE26-4B98-8B95-58073B0E968D}.Release|Any CPU.ActiveCfg = Release|Any CPU
		{B0DFF77A-DE26-4B98-8B95-58073B0E968D}.Release|Any CPU.Build.0 = Release|Any CPU
		{B0DFF77A-DE26-4B98-8B95-58073B0E968D}.Release|x64.ActiveCfg = Release|Any CPU
		{B0DFF77A-DE26-4B98-8B95-58073B0E968D}.Release|x64.Build.0 = Release|Any CPU
		{B0DFF77A-DE26-4B98-8B95-58073B0E968D}.Release|x86.ActiveCfg = Release|Any CPU
		{B0DFF77A-DE26-4B98-8B95-58073B0E968D}.Release|x86.Build.0 = Release|Any CPU
	EndGlobalSection
	GlobalSection(SolutionProperties) = preSolution
		HideSolutionNode = FALSE
	EndGlobalSection
	GlobalSection(ExtensibilityGlobals) = postSolution
		SolutionGuid = {B4DFA23D-2DC9-4159-88D7-10BDFAA693DC}
	EndGlobalSection
EndGlobal
